// !$*UTF8*$!
{
	archiveVersion = 1;
	classes = {
	};
	objectVersion = 55;
	objects = {

/* Begin PBXBuildFile section */
		A032B5D027C0E0F900301153 /* AppDelegate.swift in Sources */ = {isa = PBXBuildFile; fileRef = A032B5CF27C0E0F900301153 /* AppDelegate.swift */; };
		A032B5D227C0E0F900301153 /* SceneDelegate.swift in Sources */ = {isa = PBXBuildFile; fileRef = A032B5D127C0E0F900301153 /* SceneDelegate.swift */; };
		A032B5D427C0E0F900301153 /* ViewController.swift in Sources */ = {isa = PBXBuildFile; fileRef = A032B5D327C0E0F900301153 /* ViewController.swift */; };
		A032B5D727C0E0F900301153 /* Main.storyboard in Resources */ = {isa = PBXBuildFile; fileRef = A032B5D527C0E0F900301153 /* Main.storyboard */; };
		A032B5D927C0E0FA00301153 /* Assets.xcassets in Resources */ = {isa = PBXBuildFile; fileRef = A032B5D827C0E0FA00301153 /* Assets.xcassets */; };
		A032B5DC27C0E0FA00301153 /* LaunchScreen.storyboard in Resources */ = {isa = PBXBuildFile; fileRef = A032B5DA27C0E0FA00301153 /* LaunchScreen.storyboard */; };
		A032B5E427C0EC6600301153 /* UserViewController.swift in Sources */ = {isa = PBXBuildFile; fileRef = A032B5E327C0EC6600301153 /* UserViewController.swift */; };
		A0FE44B327C519AF00B7C990 /* MyProfileViewController.swift in Sources */ = {isa = PBXBuildFile; fileRef = A0FE44B227C519AF00B7C990 /* MyProfileViewController.swift */; };
		A0FE44B527C51DBB00B7C990 /* ChangeUserInfoViewController.swift in Sources */ = {isa = PBXBuildFile; fileRef = A0FE44B427C51DBB00B7C990 /* ChangeUserInfoViewController.swift */; };
		A0FE44B727C51F8800B7C990 /* UserInfo.swift in Sources */ = {isa = PBXBuildFile; fileRef = A0FE44B627C51F8800B7C990 /* UserInfo.swift */; };
/* End PBXBuildFile section */

/* Begin PBXFileReference section */
		A032B5CC27C0E0F900301153 /* LogginApp.app */ = {isa = PBXFileReference; explicitFileType = wrapper.application; includeInIndex = 0; path = LogginApp.app; sourceTree = BUILT_PRODUCTS_DIR; };
		A032B5CF27C0E0F900301153 /* AppDelegate.swift */ = {isa = PBXFileReference; lastKnownFileType = sourcecode.swift; path = AppDelegate.swift; sourceTree = "<group>"; };
		A032B5D127C0E0F900301153 /* SceneDelegate.swift */ = {isa = PBXFileReference; lastKnownFileType = sourcecode.swift; path = SceneDelegate.swift; sourceTree = "<group>"; };
		A032B5D327C0E0F900301153 /* ViewController.swift */ = {isa = PBXFileReference; lastKnownFileType = sourcecode.swift; path = ViewController.swift; sourceTree = "<group>"; };
		A032B5D627C0E0F900301153 /* Base */ = {isa = PBXFileReference; lastKnownFileType = file.storyboard; name = Base; path = Base.lproj/Main.storyboard; sourceTree = "<group>"; };
		A032B5D827C0E0FA00301153 /* Assets.xcassets */ = {isa = PBXFileReference; lastKnownFileType = folder.assetcatalog; path = Assets.xcassets; sourceTree = "<group>"; };
		A032B5DB27C0E0FA00301153 /* Base */ = {isa = PBXFileReference; lastKnownFileType = file.storyboard; name = Base; path = Base.lproj/LaunchScreen.storyboard; sourceTree = "<group>"; };
		A032B5DD27C0E0FA00301153 /* Info.plist */ = {isa = PBXFileReference; lastKnownFileType = text.plist.xml; path = Info.plist; sourceTree = "<group>"; };
		A032B5E327C0EC6600301153 /* UserViewController.swift */ = {isa = PBXFileReference; lastKnownFileType = sourcecode.swift; path = UserViewController.swift; sourceTree = "<group>"; };
		A0FE44B227C519AF00B7C990 /* MyProfileViewController.swift */ = {isa = PBXFileReference; lastKnownFileType = sourcecode.swift; path = MyProfileViewController.swift; sourceTree = "<group>"; };
		A0FE44B427C51DBB00B7C990 /* ChangeUserInfoViewController.swift */ = {isa = PBXFileReference; lastKnownFileType = sourcecode.swift; path = ChangeUserInfoViewController.swift; sourceTree = "<group>"; };
		A0FE44B627C51F8800B7C990 /* UserInfo.swift */ = {isa = PBXFileReference; lastKnownFileType = sourcecode.swift; path = UserInfo.swift; sourceTree = "<group>"; };
/* End PBXFileReference section */

/* Begin PBXFrameworksBuildPhase section */
		A032B5C927C0E0F900301153 /* Frameworks */ = {
			isa = PBXFrameworksBuildPhase;
			buildActionMask = 2147483647;
			files = (
			);
			runOnlyForDeploymentPostprocessing = 0;
		};
/* End PBXFrameworksBuildPhase section */

/* Begin PBXGroup section */
		A032B5C327C0E0F900301153 = {
			isa = PBXGroup;
			children = (
				A032B5CE27C0E0F900301153 /* LogginApp */,
				A032B5CD27C0E0F900301153 /* Products */,
			);
			sourceTree = "<group>";
		};
		A032B5CD27C0E0F900301153 /* Products */ = {
			isa = PBXGroup;
			children = (
				A032B5CC27C0E0F900301153 /* LogginApp.app */,
			);
			name = Products;
			sourceTree = "<group>";
		};
		A032B5CE27C0E0F900301153 /* LogginApp */ = {
			isa = PBXGroup;
			children = (
				A0FE44AD27C5183300B7C990 /* ViewControllers */,
				A0FE44B127C5188700B7C990 /* Models */,
				A0FE44AE27C5185C00B7C990 /* StoryBoards */,
				A0FE44B027C5187E00B7C990 /* App */,
				A0FE44AF27C5186900B7C990 /* Resources */,
			);
			path = LogginApp;
			sourceTree = "<group>";
		};
		A0FE44AD27C5183300B7C990 /* ViewControllers */ = {
			isa = PBXGroup;
			children = (
				A032B5D327C0E0F900301153 /* ViewController.swift */,
				A032B5E327C0EC6600301153 /* UserViewController.swift */,
				A0FE44B227C519AF00B7C990 /* MyProfileViewController.swift */,
				A0FE44B427C51DBB00B7C990 /* ChangeUserInfoViewController.swift */,
			);
			path = ViewControllers;
			sourceTree = "<group>";
		};
		A0FE44AE27C5185C00B7C990 /* StoryBoards */ = {
			isa = PBXGroup;
			children = (
				A032B5D527C0E0F900301153 /* Main.storyboard */,
				A032B5DA27C0E0FA00301153 /* LaunchScreen.storyboard */,
			);
			path = StoryBoards;
			sourceTree = "<group>";
		};
		A0FE44AF27C5186900B7C990 /* Resources */ = {
			isa = PBXGroup;
			children = (
				A032B5D827C0E0FA00301153 /* Assets.xcassets */,
			);
			path = Resources;
			sourceTree = "<group>";
		};
		A0FE44B027C5187E00B7C990 /* App */ = {
			isa = PBXGroup;
			children = (
				A032B5CF27C0E0F900301153 /* AppDelegate.swift */,
				A032B5D127C0E0F900301153 /* SceneDelegate.swift */,
				A032B5DD27C0E0FA00301153 /* Info.plist */,
			);
			path = App;
			sourceTree = "<group>";
		};
		A0FE44B127C5188700B7C990 /* Models */ = {
			isa = PBXGroup;
			children = (
				A0FE44B627C51F8800B7C990 /* UserInfo.swift */,
			);
			path = Models;
			sourceTree = "<group>";
		};
/* End PBXGroup section */

/* Begin PBXNativeTarget section */
		A032B5CB27C0E0F900301153 /* LogginApp */ = {
			isa = PBXNativeTarget;
			buildConfigurationList = A032B5E027C0E0FA00301153 /* Build configuration list for PBXNativeTarget "LogginApp" */;
			buildPhases = (
				A032B5C827C0E0F900301153 /* Sources */,
				A032B5C927C0E0F900301153 /* Frameworks */,
				A032B5CA27C0E0F900301153 /* Resources */,
			);
			buildRules = (
			);
			dependencies = (
			);
			name = LogginApp;
			productName = LogginApp;
			productReference = A032B5CC27C0E0F900301153 /* LogginApp.app */;
			productType = "com.apple.product-type.application";
		};
/* End PBXNativeTarget section */

/* Begin PBXProject section */
		A032B5C427C0E0F900301153 /* Project object */ = {
			isa = PBXProject;
			attributes = {
				BuildIndependentTargetsInParallel = 1;
				LastSwiftUpdateCheck = 1310;
				LastUpgradeCheck = 1310;
				TargetAttributes = {
					A032B5CB27C0E0F900301153 = {
						CreatedOnToolsVersion = 13.1;
					};
				};
			};
			buildConfigurationList = A032B5C727C0E0F900301153 /* Build configuration list for PBXProject "LogginApp" */;
			compatibilityVersion = "Xcode 13.0";
			developmentRegion = en;
			hasScannedForEncodings = 0;
			knownRegions = (
				en,
				Base,
			);
			mainGroup = A032B5C327C0E0F900301153;
			productRefGroup = A032B5CD27C0E0F900301153 /* Products */;
			projectDirPath = "";
			projectRoot = "";
			targets = (
				A032B5CB27C0E0F900301153 /* LogginApp */,
			);
		};
/* End PBXProject section */

/* Begin PBXResourcesBuildPhase section */
		A032B5CA27C0E0F900301153 /* Resources */ = {
			isa = PBXResourcesBuildPhase;
			buildActionMask = 2147483647;
			files = (
				A032B5DC27C0E0FA00301153 /* LaunchScreen.storyboard in Resources */,
				A032B5D927C0E0FA00301153 /* Assets.xcassets in Resources */,
				A032B5D727C0E0F900301153 /* Main.storyboard in Resources */,
			);
			runOnlyForDeploymentPostprocessing = 0;
		};
/* End PBXResourcesBuildPhase section */

/* Begin PBXSourcesBuildPhase section */
		A032B5C827C0E0F900301153 /* Sources */ = {
			isa = PBXSourcesBuildPhase;
			buildActionMask = 2147483647;
			files = (
				A0FE44B327C519AF00B7C990 /* MyProfileViewController.swift in Sources */,
				A032B5D427C0E0F900301153 /* ViewController.swift in Sources */,
				A032B5E427C0EC6600301153 /* UserViewController.swift in Sources */,
				A032B5D027C0E0F900301153 /* AppDelegate.swift in Sources */,
				A032B5D227C0E0F900301153 /* SceneDelegate.swift in Sources */,
				A0FE44B727C51F8800B7C990 /* UserInfo.swift in Sources */,
				A0FE44B527C51DBB00B7C990 /* ChangeUserInfoViewController.swift in Sources */,
			);
			runOnlyForDeploymentPostprocessing = 0;
		};
/* End PBXSourcesBuildPhase section */

/* Begin PBXVariantGroup section */
		A032B5D527C0E0F900301153 /* Main.storyboard */ = {
			isa = PBXVariantGroup;
			children = (
				A032B5D627C0E0F900301153 /* Base */,
			);
			name = Main.storyboard;
			sourceTree = "<group>";
		};
		A032B5DA27C0E0FA00301153 /* LaunchScreen.storyboard */ = {
			isa = PBXVariantGroup;
			children = (
				A032B5DB27C0E0FA00301153 /* Base */,
			);
			name = LaunchScreen.storyboard;
			sourceTree = "<group>";
		};
/* End PBXVariantGroup section */

/* Begin XCBuildConfiguration section */
		A032B5DE27C0E0FA00301153 /* Debug */ = {
			isa = XCBuildConfiguration;
			buildSettings = {
				ALWAYS_SEARCH_USER_PATHS = NO;
				CLANG_ANALYZER_NONNULL = YES;
				CLANG_ANALYZER_NUMBER_OBJECT_CONVERSION = YES_AGGRESSIVE;
				CLANG_CXX_LANGUAGE_STANDARD = "gnu++17";
				CLANG_CXX_LIBRARY = "libc++";
				CLANG_ENABLE_MODULES = YES;
				CLANG_ENABLE_OBJC_ARC = YES;
				CLANG_ENABLE_OBJC_WEAK = YES;
				CLANG_WARN_BLOCK_CAPTURE_AUTORELEASING = YES;
				CLANG_WARN_BOOL_CONVERSION = YES;
				CLANG_WARN_COMMA = YES;
				CLANG_WARN_CONSTANT_CONVERSION = YES;
				CLANG_WARN_DEPRECATED_OBJC_IMPLEMENTATIONS = YES;
				CLANG_WARN_DIRECT_OBJC_ISA_USAGE = YES_ERROR;
				CLANG_WARN_DOCUMENTATION_COMMENTS = YES;
				CLANG_WARN_EMPTY_BODY = YES;
				CLANG_WARN_ENUM_CONVERSION = YES;
				CLANG_WARN_INFINITE_RECURSION = YES;
				CLANG_WARN_INT_CONVERSION = YES;
				CLANG_WARN_NON_LITERAL_NULL_CONVERSION = YES;
				CLANG_WARN_OBJC_IMPLICIT_RETAIN_SELF = YES;
				CLANG_WARN_OBJC_LITERAL_CONVERSION = YES;
				CLANG_WARN_OBJC_ROOT_CLASS = YES_ERROR;
				CLANG_WARN_QUOTED_INCLUDE_IN_FRAMEWORK_HEADER = YES;
				CLANG_WARN_RANGE_LOOP_ANALYSIS = YES;
				CLANG_WARN_STRICT_PROTOTYPES = YES;
				CLANG_WARN_SUSPICIOUS_MOVE = YES;
				CLANG_WARN_UNGUARDED_AVAILABILITY = YES_AGGRESSIVE;
				CLANG_WARN_UNREACHABLE_CODE = YES;
				CLANG_WARN__DUPLICATE_METHOD_MATCH = YES;
				COPY_PHASE_STRIP = NO;
				DEBUG_INFORMATION_FORMAT = dwarf;
				ENABLE_STRICT_OBJC_MSGSEND = YES;
				ENABLE_TESTABILITY = YES;
				GCC_C_LANGUAGE_STANDARD = gnu11;
				GCC_DYNAMIC_NO_PIC = NO;
				GCC_NO_COMMON_BLOCKS = YES;
				GCC_OPTIMIZATION_LEVEL = 0;
				GCC_PREPROCESSOR_DEFINITIONS = (
					"DEBUG=1",
					"$(inherited)",
				);
				GCC_WARN_64_TO_32_BIT_CONVERSION = YES;
				GCC_WARN_ABOUT_RETURN_TYPE = YES_ERROR;
				GCC_WARN_UNDECLARED_SELECTOR = YES;
				GCC_WARN_UNINITIALIZED_AUTOS = YES_AGGRESSIVE;
				GCC_WARN_UNUSED_FUNCTION = YES;
				GCC_WARN_UNUSED_VARIABLE = YES;
				IPHONEOS_DEPLOYMENT_TARGET = 15.0;
				MTL_ENABLE_DEBUG_INFO = INCLUDE_SOURCE;
				MTL_FAST_MATH = YES;
				ONLY_ACTIVE_ARCH = YES;
				SDKROOT = iphoneos;
				SWIFT_ACTIVE_COMPILATION_CONDITIONS = DEBUG;
				SWIFT_OPTIMIZATION_LEVEL = "-Onone";
			};
			name = Debug;
		};
		A032B5DF27C0E0FA00301153 /* Release */ = {
			isa = XCBuildConfiguration;
			buildSettings = {
				ALWAYS_SEARCH_USER_PATHS = NO;
				CLANG_ANALYZER_NONNULL = YES;
				CLANG_ANALYZER_NUMBER_OBJECT_CONVERSION = YES_AGGRESSIVE;
				CLANG_CXX_LANGUAGE_STANDARD = "gnu++17";
				CLANG_CXX_LIBRARY = "libc++";
				CLANG_ENABLE_MODULES = YES;
				CLANG_ENABLE_OBJC_ARC = YES;
				CLANG_ENABLE_OBJC_WEAK = YES;
				CLANG_WARN_BLOCK_CAPTURE_AUTORELEASING = YES;
				CLANG_WARN_BOOL_CONVERSION = YES;
				CLANG_WARN_COMMA = YES;
				CLANG_WARN_CONSTANT_CONVERSION = YES;
				CLANG_WARN_DEPRECATED_OBJC_IMPLEMENTATIONS = YES;
				CLANG_WARN_DIRECT_OBJC_ISA_USAGE = YES_ERROR;
				CLANG_WARN_DOCUMENTATION_COMMENTS = YES;
				CLANG_WARN_EMPTY_BODY = YES;
				CLANG_WARN_ENUM_CONVERSION = YES;
				CLANG_WARN_INFINITE_RECURSION = YES;
				CLANG_WARN_INT_CONVERSION = YES;
				CLANG_WARN_NON_LITERAL_NULL_CONVERSION = YES;
				CLANG_WARN_OBJC_IMPLICIT_RETAIN_SELF = YES;
				CLANG_WARN_OBJC_LITERAL_CONVERSION = YES;
				CLANG_WARN_OBJC_ROOT_CLASS = YES_ERROR;
				CLANG_WARN_QUOTED_INCLUDE_IN_FRAMEWORK_HEADER = YES;
				CLANG_WARN_RANGE_LOOP_ANALYSIS = YES;
				CLANG_WARN_STRICT_PROTOTYPES = YES;
				CLANG_WARN_SUSPICIOUS_MOVE = YES;
				CLANG_WARN_UNGUARDED_AVAILABILITY = YES_AGGRESSIVE;
				CLANG_WARN_UNREACHABLE_CODE = YES;
				CLANG_WARN__DUPLICATE_METHOD_MATCH = YES;
				COPY_PHASE_STRIP = NO;
				DEBUG_INFORMATION_FORMAT = "dwarf-with-dsym";
				ENABLE_NS_ASSERTIONS = NO;
				ENABLE_STRICT_OBJC_MSGSEND = YES;
				GCC_C_LANGUAGE_STANDARD = gnu11;
				GCC_NO_COMMON_BLOCKS = YES;
				GCC_WARN_64_TO_32_BIT_CONVERSION = YES;
				GCC_WARN_ABOUT_RETURN_TYPE = YES_ERROR;
				GCC_WARN_UNDECLARED_SELECTOR = YES;
				GCC_WARN_UNINITIALIZED_AUTOS = YES_AGGRESSIVE;
				GCC_WARN_UNUSED_FUNCTION = YES;
				GCC_WARN_UNUSED_VARIABLE = YES;
				IPHONEOS_DEPLOYMENT_TARGET = 15.0;
				MTL_ENABLE_DEBUG_INFO = NO;
				MTL_FAST_MATH = YES;
				SDKROOT = iphoneos;
				SWIFT_COMPILATION_MODE = wholemodule;
				SWIFT_OPTIMIZATION_LEVEL = "-O";
				VALIDATE_PRODUCT = YES;
			};
			name = Release;
		};
		A032B5E127C0E0FA00301153 /* Debug */ = {
			isa = XCBuildConfiguration;
			buildSettings = {
				ASSETCATALOG_COMPILER_APPICON_NAME = AppIcon;
				ASSETCATALOG_COMPILER_GLOBAL_ACCENT_COLOR_NAME = AccentColor;
				CODE_SIGN_STYLE = Automatic;
				CURRENT_PROJECT_VERSION = 1;
				DEVELOPMENT_TEAM = 6RA8HYK22X;
				GENERATE_INFOPLIST_FILE = YES;
				INFOPLIST_FILE = LogginApp/App/Info.plist;
				INFOPLIST_KEY_UIApplicationSupportsIndirectInputEvents = YES;
				INFOPLIST_KEY_UILaunchStoryboardName = LaunchScreen;
				INFOPLIST_KEY_UIMainStoryboardFile = Main;
				INFOPLIST_KEY_UISupportedInterfaceOrientations = UIInterfaceOrientationPortrait;
				INFOPLIST_KEY_UISupportedInterfaceOrientations_iPad = "UIInterfaceOrientationPortrait UIInterfaceOrientationPortraitUpsideDown UIInterfaceOrientationLandscapeLeft UIInterfaceOrientationLandscapeRight";
				INFOPLIST_KEY_UISupportedInterfaceOrientations_iPhone = "UIInterfaceOrientationPortrait UIInterfaceOrientationLandscapeLeft UIInterfaceOrientationLandscapeRight";
				LD_RUNPATH_SEARCH_PATHS = (
					"$(inherited)",
					"@executable_path/Frameworks",
				);
				MARKETING_VERSION = 1.0;
				PRODUCT_BUNDLE_IDENTIFIER = DannekMeleshko.LogginApp;
				PRODUCT_NAME = "$(TARGET_NAME)";
				SWIFT_EMIT_LOC_STRINGS = YES;
				SWIFT_VERSION = 5.0;
				TARGETED_DEVICE_FAMILY = 1;
			};
			name = Debug;
		};
		A032B5E227C0E0FA00301153 /* Release */ = {
			isa = XCBuildConfiguration;
			buildSettings = {
				ASSETCATALOG_COMPILER_APPICON_NAME = AppIcon;
				ASSETCATALOG_COMPILER_GLOBAL_ACCENT_COLOR_NAME = AccentColor;
				CODE_SIGN_STYLE = Automatic;
				CURRENT_PROJECT_VERSION = 1;
				DEVELOPMENT_TEAM = 6RA8HYK22X;
				GENERATE_INFOPLIST_FILE = YES;
				INFOPLIST_FILE = LogginApp/App/Info.plist;
				INFOPLIST_KEY_UIApplicationSupportsIndirectInputEvents = YES;
				INFOPLIST_KEY_UILaunchStoryboardName = LaunchScreen;
				INFOPLIST_KEY_UIMainStoryboardFile = Main;
				INFOPLIST_KEY_UISupportedInterfaceOrientations = UIInterfaceOrientationPortrait;
				INFOPLIST_KEY_UISupportedInterfaceOrientations_iPad = "UIInterfaceOrientationPortrait UIInterfaceOrientationPortraitUpsideDown UIInterfaceOrientationLandscapeLeft UIInterfaceOrientationLandscapeRight";
				INFOPLIST_KEY_UISupportedInterfaceOrientations_iPhone = "UIInterfaceOrientationPortrait UIInterfaceOrientationLandscapeLeft UIInterfaceOrientationLandscapeRight";
				LD_RUNPATH_SEARCH_PATHS = (
					"$(inherited)",
					"@executable_path/Frameworks",
				);
				MARKETING_VERSION = 1.0;
				PRODUCT_BUNDLE_IDENTIFIER = DannekMeleshko.LogginApp;
				PRODUCT_NAME = "$(TARGET_NAME)";
				SWIFT_EMIT_LOC_STRINGS = YES;
				SWIFT_VERSION = 5.0;
				TARGETED_DEVICE_FAMILY = 1;
			};
			name = Release;
		};
/* End XCBuildConfiguration section */

/* Begin XCConfigurationList section */
		A032B5C727C0E0F900301153 /* Build configuration list for PBXProject "LogginApp" */ = {
			isa = XCConfigurationList;
			buildConfigurations = (
				A032B5DE27C0E0FA00301153 /* Debug */,
				A032B5DF27C0E0FA00301153 /* Release */,
			);
			defaultConfigurationIsVisible = 0;
			defaultConfigurationName = Release;
		};
		A032B5E027C0E0FA00301153 /* Build configuration list for PBXNativeTarget "LogginApp" */ = {
			isa = XCConfigurationList;
			buildConfigurations = (
				A032B5E127C0E0FA00301153 /* Debug */,
				A032B5E227C0E0FA00301153 /* Release */,
			);
			defaultConfigurationIsVisible = 0;
			defaultConfigurationName = Release;
		};
/* End XCConfigurationList section */
	};
	rootObject = A032B5C427C0E0F900301153 /* Project object */;
}
